
Microsoft Visual Studio Solution File, Format Version 12.00
# Visual Studio Version 17
VisualStudioVersion = 17.0.31919.166
MinimumVisualStudioVersion = 10.0.40219.1
Project("{FAE04EC0-301F-11D3-BF4B-00C04F79EFBC}") = "Vježba1", "Vježba1.csproj", "{060E24B7-6219-4DE7-BBC0-0BA84ECB81F1}"
EndProject
Global
	GlobalSection(SolutionConfigurationPlatforms) = preSolution
		Debug|Any CPU = Debug|Any CPU
		Release|Any CPU = Release|Any CPU
	EndGlobalSection
	GlobalSection(ProjectConfigurationPlatforms) = postSolution
		{060E24B7-6219-4DE7-BBC0-0BA84ECB81F1}.Debug|Any CPU.ActiveCfg = Debug|Any CPU
		{060E24B7-6219-4DE7-BBC0-0BA84ECB81F1}.Debug|Any CPU.Build.0 = Debug|Any CPU
		{060E24B7-6219-4DE7-BBC0-0BA84ECB81F1}.Release|Any CPU.ActiveCfg = Release|Any CPU
		{060E24B7-6219-4DE7-BBC0-0BA84ECB81F1}.Release|Any CPU.Build.0 = Release|Any CPU
	EndGlobalSection
	GlobalSection(SolutionProperties) = preSolution
		HideSolutionNode = FALSE
	EndGlobalSection
	GlobalSection(ExtensibilityGlobals) = postSolution
		SolutionGuid = {4D081A4C-4ADA-4EA7-BD5C-35E034D20515}
	EndGlobalSection
EndGlobal
